// !$*UTF8*$!
{
	archiveVersion = 1;
	classes = {
	};
	objectVersion = 51;
	objects = {

/* Begin PBXBuildFile section */
		5CFF933F1EDFD569631DBA1C /* Pods_raspi_led.framework in Frameworks */ = {isa = PBXBuildFile; fileRef = 91CE985E08D68F27D36264F6 /* Pods_raspi_led.framework */; };
		B173EDC124F6672C009BED45 /* AppDelegate.swift in Sources */ = {isa = PBXBuildFile; fileRef = B173EDC024F6672C009BED45 /* AppDelegate.swift */; };
		B173EDC324F6672C009BED45 /* SceneDelegate.swift in Sources */ = {isa = PBXBuildFile; fileRef = B173EDC224F6672C009BED45 /* SceneDelegate.swift */; };
		B173EDC524F6672C009BED45 /* ContentView.swift in Sources */ = {isa = PBXBuildFile; fileRef = B173EDC424F6672C009BED45 /* ContentView.swift */; };
		B173EDC724F6672D009BED45 /* Assets.xcassets in Resources */ = {isa = PBXBuildFile; fileRef = B173EDC624F6672D009BED45 /* Assets.xcassets */; };
		B173EDCA24F6672D009BED45 /* Preview Assets.xcassets in Resources */ = {isa = PBXBuildFile; fileRef = B173EDC924F6672D009BED45 /* Preview Assets.xcassets */; };
		B173EDCD24F6672D009BED45 /* LaunchScreen.storyboard in Resources */ = {isa = PBXBuildFile; fileRef = B173EDCB24F6672D009BED45 /* LaunchScreen.storyboard */; };
		B173EDD524F66F85009BED45 /* LedControll.swift in Sources */ = {isa = PBXBuildFile; fileRef = B173EDD424F66F85009BED45 /* LedControll.swift */; };
/* End PBXBuildFile section */

/* Begin PBXFileReference section */
		0E2FBFAED58FF7C416E2B5BC /* Pods-raspi-led.release.xcconfig */ = {isa = PBXFileReference; includeInIndex = 1; lastKnownFileType = text.xcconfig; name = "Pods-raspi-led.release.xcconfig"; path = "Target Support Files/Pods-raspi-led/Pods-raspi-led.release.xcconfig"; sourceTree = "<group>"; };
		91CE985E08D68F27D36264F6 /* Pods_raspi_led.framework */ = {isa = PBXFileReference; explicitFileType = wrapper.framework; includeInIndex = 0; path = Pods_raspi_led.framework; sourceTree = BUILT_PRODUCTS_DIR; };
		B173EDBD24F6672C009BED45 /* raspi-led.app */ = {isa = PBXFileReference; explicitFileType = wrapper.application; includeInIndex = 0; path = "raspi-led.app"; sourceTree = BUILT_PRODUCTS_DIR; };
		B173EDC024F6672C009BED45 /* AppDelegate.swift */ = {isa = PBXFileReference; lastKnownFileType = sourcecode.swift; path = AppDelegate.swift; sourceTree = "<group>"; };
		B173EDC224F6672C009BED45 /* SceneDelegate.swift */ = {isa = PBXFileReference; lastKnownFileType = sourcecode.swift; path = SceneDelegate.swift; sourceTree = "<group>"; };
		B173EDC424F6672C009BED45 /* ContentView.swift */ = {isa = PBXFileReference; lastKnownFileType = sourcecode.swift; path = ContentView.swift; sourceTree = "<group>"; };
		B173EDC624F6672D009BED45 /* Assets.xcassets */ = {isa = PBXFileReference; lastKnownFileType = folder.assetcatalog; path = Assets.xcassets; sourceTree = "<group>"; };
		B173EDC924F6672D009BED45 /* Preview Assets.xcassets */ = {isa = PBXFileReference; lastKnownFileType = folder.assetcatalog; path = "Preview Assets.xcassets"; sourceTree = "<group>"; };
		B173EDCC24F6672D009BED45 /* Base */ = {isa = PBXFileReference; lastKnownFileType = file.storyboard; name = Base; path = Base.lproj/LaunchScreen.storyboard; sourceTree = "<group>"; };
		B173EDCE24F6672D009BED45 /* Info.plist */ = {isa = PBXFileReference; lastKnownFileType = text.plist.xml; path = Info.plist; sourceTree = "<group>"; };
		B173EDD424F66F85009BED45 /* LedControll.swift */ = {isa = PBXFileReference; lastKnownFileType = sourcecode.swift; path = LedControll.swift; sourceTree = "<group>"; };
		E70C836F7CF23346A011BA5C /* Pods-raspi-led.debug.xcconfig */ = {isa = PBXFileReference; includeInIndex = 1; lastKnownFileType = text.xcconfig; name = "Pods-raspi-led.debug.xcconfig"; path = "Target Support Files/Pods-raspi-led/Pods-raspi-led.debug.xcconfig"; sourceTree = "<group>"; };
/* End PBXFileReference section */

/* Begin PBXFrameworksBuildPhase section */
		B173EDBA24F6672C009BED45 /* Frameworks */ = {
			isa = PBXFrameworksBuildPhase;
			buildActionMask = 2147483647;
			files = (
				5CFF933F1EDFD569631DBA1C /* Pods_raspi_led.framework in Frameworks */,
			);
			runOnlyForDeploymentPostprocessing = 0;
		};
/* End PBXFrameworksBuildPhase section */

/* Begin PBXGroup section */
		3916B6436C7C70C12E021F47 /* Pods */ = {
			isa = PBXGroup;
			children = (
				E70C836F7CF23346A011BA5C /* Pods-raspi-led.debug.xcconfig */,
				0E2FBFAED58FF7C416E2B5BC /* Pods-raspi-led.release.xcconfig */,
			);
			path = Pods;
			sourceTree = "<group>";
		};
		B173EDB424F6672C009BED45 = {
			isa = PBXGroup;
			children = (
				B173EDBF24F6672C009BED45 /* raspi-led */,
				B173EDBE24F6672C009BED45 /* Products */,
				3916B6436C7C70C12E021F47 /* Pods */,
				FA4E3A93CEBBC53D8C27B180 /* Frameworks */,
			);
			sourceTree = "<group>";
		};
		B173EDBE24F6672C009BED45 /* Products */ = {
			isa = PBXGroup;
			children = (
				B173EDBD24F6672C009BED45 /* raspi-led.app */,
			);
			name = Products;
			sourceTree = "<group>";
		};
		B173EDBF24F6672C009BED45 /* raspi-led */ = {
			isa = PBXGroup;
			children = (
				B173EDC024F6672C009BED45 /* AppDelegate.swift */,
				B173EDC224F6672C009BED45 /* SceneDelegate.swift */,
				B173EDC424F6672C009BED45 /* ContentView.swift */,
				B173EDD424F66F85009BED45 /* LedControll.swift */,
				B173EDC624F6672D009BED45 /* Assets.xcassets */,
				B173EDCB24F6672D009BED45 /* LaunchScreen.storyboard */,
				B173EDCE24F6672D009BED45 /* Info.plist */,
				B173EDC824F6672D009BED45 /* Preview Content */,
			);
			path = "raspi-led";
			sourceTree = "<group>";
		};
		B173EDC824F6672D009BED45 /* Preview Content */ = {
			isa = PBXGroup;
			children = (
				B173EDC924F6672D009BED45 /* Preview Assets.xcassets */,
			);
			path = "Preview Content";
			sourceTree = "<group>";
		};
		FA4E3A93CEBBC53D8C27B180 /* Frameworks */ = {
			isa = PBXGroup;
			children = (
				91CE985E08D68F27D36264F6 /* Pods_raspi_led.framework */,
			);
			name = Frameworks;
			sourceTree = "<group>";
		};
/* End PBXGroup section */

/* Begin PBXNativeTarget section */
		B173EDBC24F6672C009BED45 /* raspi-led */ = {
			isa = PBXNativeTarget;
			buildConfigurationList = B173EDD124F6672D009BED45 /* Build configuration list for PBXNativeTarget "raspi-led" */;
			buildPhases = (
				A9FB500C4C4652393FFDEB49 /* [CP] Check Pods Manifest.lock */,
				B173EDB924F6672C009BED45 /* Sources */,
				B173EDBA24F6672C009BED45 /* Frameworks */,
				B173EDBB24F6672C009BED45 /* Resources */,
				2E3967A417CA4473BAEAEE40 /* [CP] Embed Pods Frameworks */,
			);
			buildRules = (
			);
			dependencies = (
			);
			name = "raspi-led";
			productName = "raspi-led";
			productReference = B173EDBD24F6672C009BED45 /* raspi-led.app */;
			productType = "com.apple.product-type.application";
		};
/* End PBXNativeTarget section */

/* Begin PBXProject section */
		B173EDB524F6672C009BED45 /* Project object */ = {
			isa = PBXProject;
			attributes = {
				LastSwiftUpdateCheck = 1160;
				LastUpgradeCheck = 1160;
				ORGANIZATIONNAME = "中岡黎";
				TargetAttributes = {
					B173EDBC24F6672C009BED45 = {
						CreatedOnToolsVersion = 11.6;
					};
				};
			};
			buildConfigurationList = B173EDB824F6672C009BED45 /* Build configuration list for PBXProject "raspi-led" */;
			compatibilityVersion = "Xcode 9.3";
			developmentRegion = en;
			hasScannedForEncodings = 0;
			knownRegions = (
				en,
				Base,
			);
			mainGroup = B173EDB424F6672C009BED45;
			productRefGroup = B173EDBE24F6672C009BED45 /* Products */;
			projectDirPath = "";
			projectRoot = "";
			targets = (
				B173EDBC24F6672C009BED45 /* raspi-led */,
			);
		};
/* End PBXProject section */

/* Begin PBXResourcesBuildPhase section */
		B173EDBB24F6672C009BED45 /* Resources */ = {
			isa = PBXResourcesBuildPhase;
			buildActionMask = 2147483647;
			files = (
				B173EDCD24F6672D009BED45 /* LaunchScreen.storyboard in Resources */,
				B173EDCA24F6672D009BED45 /* Preview Assets.xcassets in Resources */,
				B173EDC724F6672D009BED45 /* Assets.xcassets in Resources */,
			);
			runOnlyForDeploymentPostprocessing = 0;
		};
/* End PBXResourcesBuildPhase section */

/* Begin PBXShellScriptBuildPhase section */
		2E3967A417CA4473BAEAEE40 /* [CP] Embed Pods Frameworks */ = {
			isa = PBXShellScriptBuildPhase;
			buildActionMask = 2147483647;
			files = (
			);
			inputFileListPaths = (
				"${PODS_ROOT}/Target Support Files/Pods-raspi-led/Pods-raspi-led-frameworks-${CONFIGURATION}-input-files.xcfilelist",
			);
			name = "[CP] Embed Pods Frameworks";
			outputFileListPaths = (
				"${PODS_ROOT}/Target Support Files/Pods-raspi-led/Pods-raspi-led-frameworks-${CONFIGURATION}-output-files.xcfilelist",
			);
			runOnlyForDeploymentPostprocessing = 0;
			shellPath = /bin/sh;
			shellScript = "\"${PODS_ROOT}/Target Support Files/Pods-raspi-led/Pods-raspi-led-frameworks.sh\"\n";
			showEnvVarsInLog = 0;
		};
		A9FB500C4C4652393FFDEB49 /* [CP] Check Pods Manifest.lock */ = {
			isa = PBXShellScriptBuildPhase;
			buildActionMask = 2147483647;
			files = (
			);
			inputFileListPaths = (
			);
			inputPaths = (
				"${PODS_PODFILE_DIR_PATH}/Podfile.lock",
				"${PODS_ROOT}/Manifest.lock",
			);
			name = "[CP] Check Pods Manifest.lock";
			outputFileListPaths = (
			);
			outputPaths = (
				"$(DERIVED_FILE_DIR)/Pods-raspi-led-checkManifestLockResult.txt",
			);
			runOnlyForDeploymentPostprocessing = 0;
			shellPath = /bin/sh;
			shellScript = "diff \"${PODS_PODFILE_DIR_PATH}/Podfile.lock\" \"${PODS_ROOT}/Manifest.lock\" > /dev/null\nif [ $? != 0 ] ; then\n    # print error to STDERR\n    echo \"error: The sandbox is not in sync with the Podfile.lock. Run 'pod install' or update your CocoaPods installation.\" >&2\n    exit 1\nfi\n# This output is used by Xcode 'outputs' to avoid re-running this script phase.\necho \"SUCCESS\" > \"${SCRIPT_OUTPUT_FILE_0}\"\n";
			showEnvVarsInLog = 0;
		};
/* End PBXShellScriptBuildPhase section */

/* Begin PBXSourcesBuildPhase section */
		B173EDB924F6672C009BED45 /* Sources */ = {
			isa = PBXSourcesBuildPhase;
			buildActionMask = 2147483647;
			files = (
				B173EDC124F6672C009BED45 /* AppDelegate.swift in Sources */,
				B173EDC324F6672C009BED45 /* SceneDelegate.swift in Sources */,
				B173EDD524F66F85009BED45 /* LedControll.swift in Sources */,
				B173EDC524F6672C009BED45 /* ContentView.swift in Sources */,
			);
			runOnlyForDeploymentPostprocessing = 0;
		};
/* End PBXSourcesBuildPhase section */

/* Begin PBXVariantGroup section */
		B173EDCB24F6672D009BED45 /* LaunchScreen.storyboard */ = {
			isa = PBXVariantGroup;
			children = (
				B173EDCC24F6672D009BED45 /* Base */,
			);
			name = LaunchScreen.storyboard;
			sourceTree = "<group>";
		};
/* End PBXVariantGroup section */

/* Begin XCBuildConfiguration section */
		B173EDCF24F6672D009BED45 /* Debug */ = {
			isa = XCBuildConfiguration;
			buildSettings = {
				ALWAYS_SEARCH_USER_PATHS = NO;
				CLANG_ANALYZER_NONNULL = YES;
				CLANG_ANALYZER_NUMBER_OBJECT_CONVERSION = YES_AGGRESSIVE;
				CLANG_CXX_LANGUAGE_STANDARD = "gnu++14";
				CLANG_CXX_LIBRARY = "libc++";
				CLANG_ENABLE_MODULES = YES;
				CLANG_ENABLE_OBJC_ARC = YES;
				CLANG_ENABLE_OBJC_WEAK = YES;
				CLANG_WARN_BLOCK_CAPTURE_AUTORELEASING = YES;
				CLANG_WARN_BOOL_CONVERSION = YES;
				CLANG_WARN_COMMA = YES;
				CLANG_WARN_CONSTANT_CONVERSION = YES;
				CLANG_WARN_DEPRECATED_OBJC_IMPLEMENTATIONS = YES;
				CLANG_WARN_DIRECT_OBJC_ISA_USAGE = YES_ERROR;
				CLANG_WARN_DOCUMENTATION_COMMENTS = YES;
				CLANG_WARN_EMPTY_BODY = YES;
				CLANG_WARN_ENUM_CONVERSION = YES;
				CLANG_WARN_INFINITE_RECURSION = YES;
				CLANG_WARN_INT_CONVERSION = YES;
				CLANG_WARN_NON_LITERAL_NULL_CONVERSION = YES;
				CLANG_WARN_OBJC_IMPLICIT_RETAIN_SELF = YES;
				CLANG_WARN_OBJC_LITERAL_CONVERSION = YES;
				CLANG_WARN_OBJC_ROOT_CLASS = YES_ERROR;
				CLANG_WARN_RANGE_LOOP_ANALYSIS = YES;
				CLANG_WARN_STRICT_PROTOTYPES = YES;
				CLANG_WARN_SUSPICIOUS_MOVE = YES;
				CLANG_WARN_UNGUARDED_AVAILABILITY = YES_AGGRESSIVE;
				CLANG_WARN_UNREACHABLE_CODE = YES;
				CLANG_WARN__DUPLICATE_METHOD_MATCH = YES;
				COPY_PHASE_STRIP = NO;
				DEBUG_INFORMATION_FORMAT = dwarf;
				ENABLE_STRICT_OBJC_MSGSEND = YES;
				ENABLE_TESTABILITY = YES;
				GCC_C_LANGUAGE_STANDARD = gnu11;
				GCC_DYNAMIC_NO_PIC = NO;
				GCC_NO_COMMON_BLOCKS = YES;
				GCC_OPTIMIZATION_LEVEL = 0;
				GCC_PREPROCESSOR_DEFINITIONS = (
					"DEBUG=1",
					"$(inherited)",
				);
				GCC_WARN_64_TO_32_BIT_CONVERSION = YES;
				GCC_WARN_ABOUT_RETURN_TYPE = YES_ERROR;
				GCC_WARN_UNDECLARED_SELECTOR = YES;
				GCC_WARN_UNINITIALIZED_AUTOS = YES_AGGRESSIVE;
				GCC_WARN_UNUSED_FUNCTION = YES;
				GCC_WARN_UNUSED_VARIABLE = YES;
				IPHONEOS_DEPLOYMENT_TARGET = 13.6;
				MTL_ENABLE_DEBUG_INFO = INCLUDE_SOURCE;
				MTL_FAST_MATH = YES;
				ONLY_ACTIVE_ARCH = YES;
				SDKROOT = iphoneos;
				SWIFT_ACTIVE_COMPILATION_CONDITIONS = DEBUG;
				SWIFT_OPTIMIZATION_LEVEL = "-Onone";
			};
			name = Debug;
		};
		B173EDD024F6672D009BED45 /* Release */ = {
			isa = XCBuildConfiguration;
			buildSettings = {
				ALWAYS_SEARCH_USER_PATHS = NO;
				CLANG_ANALYZER_NONNULL = YES;
				CLANG_ANALYZER_NUMBER_OBJECT_CONVERSION = YES_AGGRESSIVE;
				CLANG_CXX_LANGUAGE_STANDARD = "gnu++14";
				CLANG_CXX_LIBRARY = "libc++";
				CLANG_ENABLE_MODULES = YES;
				CLANG_ENABLE_OBJC_ARC = YES;
				CLANG_ENABLE_OBJC_WEAK = YES;
				CLANG_WARN_BLOCK_CAPTURE_AUTORELEASING = YES;
				CLANG_WARN_BOOL_CONVERSION = YES;
				CLANG_WARN_COMMA = YES;
				CLANG_WARN_CONSTANT_CONVERSION = YES;
				CLANG_WARN_DEPRECATED_OBJC_IMPLEMENTATIONS = YES;
				CLANG_WARN_DIRECT_OBJC_ISA_USAGE = YES_ERROR;
				CLANG_WARN_DOCUMENTATION_COMMENTS = YES;
				CLANG_WARN_EMPTY_BODY = YES;
				CLANG_WARN_ENUM_CONVERSION = YES;
				CLANG_WARN_INFINITE_RECURSION = YES;
				CLANG_WARN_INT_CONVERSION = YES;
				CLANG_WARN_NON_LITERAL_NULL_CONVERSION = YES;
				CLANG_WARN_OBJC_IMPLICIT_RETAIN_SELF = YES;
				CLANG_WARN_OBJC_LITERAL_CONVERSION = YES;
				CLANG_WARN_OBJC_ROOT_CLASS = YES_ERROR;
				CLANG_WARN_RANGE_LOOP_ANALYSIS = YES;
				CLANG_WARN_STRICT_PROTOTYPES = YES;
				CLANG_WARN_SUSPICIOUS_MOVE = YES;
				CLANG_WARN_UNGUARDED_AVAILABILITY = YES_AGGRESSIVE;
				CLANG_WARN_UNREACHABLE_CODE = YES;
				CLANG_WARN__DUPLICATE_METHOD_MATCH = YES;
				COPY_PHASE_STRIP = NO;
				DEBUG_INFORMATION_FORMAT = "dwarf-with-dsym";
				ENABLE_NS_ASSERTIONS = NO;
				ENABLE_STRICT_OBJC_MSGSEND = YES;
				GCC_C_LANGUAGE_STANDARD = gnu11;
				GCC_NO_COMMON_BLOCKS = YES;
				GCC_WARN_64_TO_32_BIT_CONVERSION = YES;
				GCC_WARN_ABOUT_RETURN_TYPE = YES_ERROR;
				GCC_WARN_UNDECLARED_SELECTOR = YES;
				GCC_WARN_UNINITIALIZED_AUTOS = YES_AGGRESSIVE;
				GCC_WARN_UNUSED_FUNCTION = YES;
				GCC_WARN_UNUSED_VARIABLE = YES;
				IPHONEOS_DEPLOYMENT_TARGET = 13.6;
				MTL_ENABLE_DEBUG_INFO = NO;
				MTL_FAST_MATH = YES;
				SDKROOT = iphoneos;
				SWIFT_COMPILATION_MODE = wholemodule;
				SWIFT_OPTIMIZATION_LEVEL = "-O";
				VALIDATE_PRODUCT = YES;
			};
			name = Release;
		};
		B173EDD224F6672D009BED45 /* Debug */ = {
			isa = XCBuildConfiguration;
			baseConfigurationReference = E70C836F7CF23346A011BA5C /* Pods-raspi-led.debug.xcconfig */;
			buildSettings = {
				ASSETCATALOG_COMPILER_APPICON_NAME = AppIcon;
				CODE_SIGN_STYLE = Automatic;
				DEVELOPMENT_ASSET_PATHS = "\"raspi-led/Preview Content\"";
				DEVELOPMENT_TEAM = 7ZJJ7KR6WA;
				ENABLE_PREVIEWS = YES;
				INFOPLIST_FILE = "raspi-led/Info.plist";
				LD_RUNPATH_SEARCH_PATHS = (
					"$(inherited)",
					"@executable_path/Frameworks",
				);
				PRODUCT_BUNDLE_IDENTIFIER = "com.rei.nakaoka.raspi-led";
				PRODUCT_NAME = "$(TARGET_NAME)";
				SWIFT_VERSION = 5.0;
				TARGETED_DEVICE_FAMILY = "1,2";
			};
			name = Debug;
		};
		B173EDD324F6672D009BED45 /* Release */ = {
			isa = XCBuildConfiguration;
			baseConfigurationReference = 0E2FBFAED58FF7C416E2B5BC /* Pods-raspi-led.release.xcconfig */;
			buildSettings = {
				ASSETCATALOG_COMPILER_APPICON_NAME = AppIcon;
				CODE_SIGN_STYLE = Automatic;
				DEVELOPMENT_ASSET_PATHS = "\"raspi-led/Preview Content\"";
				DEVELOPMENT_TEAM = 7ZJJ7KR6WA;
				ENABLE_PREVIEWS = YES;
				INFOPLIST_FILE = "raspi-led/Info.plist";
				LD_RUNPATH_SEARCH_PATHS = (
					"$(inherited)",
					"@executable_path/Frameworks",
				);
				PRODUCT_BUNDLE_IDENTIFIER = "com.rei.nakaoka.raspi-led";
				PRODUCT_NAME = "$(TARGET_NAME)";
				SWIFT_VERSION = 5.0;
				TARGETED_DEVICE_FAMILY = "1,2";
			};
			name = Release;
		};
/* End XCBuildConfiguration section */

/* Begin XCConfigurationList section */
		B173EDB824F6672C009BED45 /* Build configuration list for PBXProject "raspi-led" */ = {
			isa = XCConfigurationList;
			buildConfigurations = (
				B173EDCF24F6672D009BED45 /* Debug */,
				B173EDD024F6672D009BED45 /* Release */,
			);
			defaultConfigurationIsVisible = 0;
			defaultConfigurationName = Release;
		};
		B173EDD124F6672D009BED45 /* Build configuration list for PBXNativeTarget "raspi-led" */ = {
			isa = XCConfigurationList;
			buildConfigurations = (
				B173EDD224F6672D009BED45 /* Debug */,
				B173EDD324F6672D009BED45 /* Release */,
			);
			defaultConfigurationIsVisible = 0;
			defaultConfigurationName = Release;
		};
/* End XCConfigurationList section */
	};
	rootObject = B173EDB524F6672C009BED45 /* Project object */;
}
